
Microsoft Visual Studio Solution File, Format Version 12.00
# Visual Studio Version 16
VisualStudioVersion = 16.0.28922.388
MinimumVisualStudioVersion = 10.0.40219.1
Project("{FAE04EC0-301F-11D3-BF4B-00C04F79EFBC}") = "BLOODABABASE-PRUEBA", "BLOODABABASE-PRUEBA\BLOODABABASE-PRUEBA.csproj", "{7D1804BB-09D4-4292-902A-FF7023F468D6}"
EndProject
Global
	GlobalSection(SolutionConfigurationPlatforms) = preSolution
		Debug|Any CPU = Debug|Any CPU
		Release|Any CPU = Release|Any CPU
	EndGlobalSection
	GlobalSection(ProjectConfigurationPlatforms) = postSolution
		{7D1804BB-09D4-4292-902A-FF7023F468D6}.Debug|Any CPU.ActiveCfg = Debug|Any CPU
		{7D1804BB-09D4-4292-902A-FF7023F468D6}.Debug|Any CPU.Build.0 = Debug|Any CPU
		{7D1804BB-09D4-4292-902A-FF7023F468D6}.Release|Any CPU.ActiveCfg = Release|Any CPU
		{7D1804BB-09D4-4292-902A-FF7023F468D6}.Release|Any CPU.Build.0 = Release|Any CPU
	EndGlobalSection
	GlobalSection(SolutionProperties) = preSolution
		HideSolutionNode = FALSE
	EndGlobalSection
	GlobalSection(ExtensibilityGlobals) = postSolution
		SolutionGuid = {06CC3346-E088-4457-B7E6-CB7A00248A2C}
	EndGlobalSection
EndGlobal
